
Microsoft Visual Studio Solution File, Format Version 12.00
# Visual Studio Version 17
VisualStudioVersion = 17.14.36212.18 d17.14
MinimumVisualStudioVersion = 10.0.40219.1
Project("{FAE04EC0-301F-11D3-BF4B-00C04F79EFBC}") = "Library_management_system", "Library_management_system.csproj", "{541F7A6C-3E53-4795-BC6F-C34A8B6BA29C}"
EndProject
Global
	GlobalSection(SolutionConfigurationPlatforms) = preSolution
		Debug|Any CPU = Debug|Any CPU
		Release|Any CPU = Release|Any CPU
	EndGlobalSection
	GlobalSection(ProjectConfigurationPlatforms) = postSolution
		{541F7A6C-3E53-4795-BC6F-C34A8B6BA29C}.Debug|Any CPU.ActiveCfg = Debug|Any CPU
		{541F7A6C-3E53-4795-BC6F-C34A8B6BA29C}.Debug|Any CPU.Build.0 = Debug|Any CPU
		{541F7A6C-3E53-4795-BC6F-C34A8B6BA29C}.Release|Any CPU.ActiveCfg = Release|Any CPU
		{541F7A6C-3E53-4795-BC6F-C34A8B6BA29C}.Release|Any CPU.Build.0 = Release|Any CPU
	EndGlobalSection
	GlobalSection(SolutionProperties) = preSolution
		HideSolutionNode = FALSE
	EndGlobalSection
	GlobalSection(ExtensibilityGlobals) = postSolution
		SolutionGuid = {A6682BDF-EE35-4954-A105-41A7C529DDD0}
	EndGlobalSection
EndGlobal
